
Microsoft Visual Studio Solution File, Format Version 12.00
# Visual Studio Version 17
VisualStudioVersion = 17.0.31919.166
MinimumVisualStudioVersion = 10.0.40219.1
Project("{FAE04EC0-301F-11D3-BF4B-00C04F79EFBC}") = "SAMSUNG Easy read info", "SAMSUNG MTP detector and readinfo\SAMSUNG Easy read info.csproj", "{BB761845-02AE-4886-A0E9-08C70106FC4F}"
EndProject
Global
	GlobalSection(SolutionConfigurationPlatforms) = preSolution
		Debug|Any CPU = Debug|Any CPU
		Release|Any CPU = Release|Any CPU
	EndGlobalSection
	GlobalSection(ProjectConfigurationPlatforms) = postSolution
		{BB761845-02AE-4886-A0E9-08C70106FC4F}.Debug|Any CPU.ActiveCfg = Debug|Any CPU
		{BB761845-02AE-4886-A0E9-08C70106FC4F}.Debug|Any CPU.Build.0 = Debug|Any CPU
		{BB761845-02AE-4886-A0E9-08C70106FC4F}.Release|Any CPU.ActiveCfg = Release|Any CPU
		{BB761845-02AE-4886-A0E9-08C70106FC4F}.Release|Any CPU.Build.0 = Release|Any CPU
	EndGlobalSection
	GlobalSection(SolutionProperties) = preSolution
		HideSolutionNode = FALSE
	EndGlobalSection
	GlobalSection(ExtensibilityGlobals) = postSolution
		SolutionGuid = {E53DEBBF-B457-4E68-A1E6-C1DD856179CE}
	EndGlobalSection
EndGlobal
